
Microsoft Visual Studio Solution File, Format Version 12.00
# Visual Studio Version 16
VisualStudioVersion = 16.0.32106.194
MinimumVisualStudioVersion = 10.0.40219.1
Project("{FAE04EC0-301F-11D3-BF4B-00C04F79EFBC}") = "Jumat1 April", "Jumat1 April\Jumat1 April.csproj", "{3666DEB4-F500-4B81-89FE-A5C8CB6CD7CB}"
EndProject
Global
	GlobalSection(SolutionConfigurationPlatforms) = preSolution
		Debug|Any CPU = Debug|Any CPU
		Release|Any CPU = Release|Any CPU
	EndGlobalSection
	GlobalSection(ProjectConfigurationPlatforms) = postSolution
		{3666DEB4-F500-4B81-89FE-A5C8CB6CD7CB}.Debug|Any CPU.ActiveCfg = Debug|Any CPU
		{3666DEB4-F500-4B81-89FE-A5C8CB6CD7CB}.Debug|Any CPU.Build.0 = Debug|Any CPU
		{3666DEB4-F500-4B81-89FE-A5C8CB6CD7CB}.Release|Any CPU.ActiveCfg = Release|Any CPU
		{3666DEB4-F500-4B81-89FE-A5C8CB6CD7CB}.Release|Any CPU.Build.0 = Release|Any CPU
	EndGlobalSection
	GlobalSection(SolutionProperties) = preSolution
		HideSolutionNode = FALSE
	EndGlobalSection
	GlobalSection(ExtensibilityGlobals) = postSolution
		SolutionGuid = {0BF44A78-4531-4E07-8BFE-7E4ECA87D013}
	EndGlobalSection
EndGlobal
